// !$*UTF8*$!
{
	archiveVersion = 1;
	classes = {
	};
	objectVersion = 50;
	objects = {

/* Begin PBXBuildFile section */
		013F94FF268F5B0200B6CE05 /* AppDelegate.swift in Sources */ = {isa = PBXBuildFile; fileRef = 013F94FE268F5B0200B6CE05 /* AppDelegate.swift */; };
		013F9501268F5B0200B6CE05 /* SceneDelegate.swift in Sources */ = {isa = PBXBuildFile; fileRef = 013F9500268F5B0200B6CE05 /* SceneDelegate.swift */; };
		013F9503268F5B0200B6CE05 /* SearchViewController.swift in Sources */ = {isa = PBXBuildFile; fileRef = 013F9502268F5B0200B6CE05 /* SearchViewController.swift */; };
		013F9506268F5B0200B6CE05 /* Main.storyboard in Resources */ = {isa = PBXBuildFile; fileRef = 013F9504268F5B0200B6CE05 /* Main.storyboard */; };
		013F9508268F5B0700B6CE05 /* Assets.xcassets in Resources */ = {isa = PBXBuildFile; fileRef = 013F9507268F5B0700B6CE05 /* Assets.xcassets */; };
		013F950B268F5B0700B6CE05 /* LaunchScreen.storyboard in Resources */ = {isa = PBXBuildFile; fileRef = 013F9509268F5B0700B6CE05 /* LaunchScreen.storyboard */; };
		013F9516268F5B0800B6CE05 /* Music_PlayerTests.swift in Sources */ = {isa = PBXBuildFile; fileRef = 013F9515268F5B0800B6CE05 /* Music_PlayerTests.swift */; };
		013F9521268F5B0800B6CE05 /* Music_PlayerUITests.swift in Sources */ = {isa = PBXBuildFile; fileRef = 013F9520268F5B0800B6CE05 /* Music_PlayerUITests.swift */; };
		013F9548268F5D4600B6CE05 /* QueryService.swift in Sources */ = {isa = PBXBuildFile; fileRef = 013F9547268F5D4600B6CE05 /* QueryService.swift */; };
		013F9550268F5D5C00B6CE05 /* DownloadService.swift in Sources */ = {isa = PBXBuildFile; fileRef = 013F954F268F5D5C00B6CE05 /* DownloadService.swift */; };
		013F9559268F6FB800B6CE05 /* Track.swift in Sources */ = {isa = PBXBuildFile; fileRef = 013F9558268F6FB800B6CE05 /* Track.swift */; };
		013F9561268F6FC500B6CE05 /* Download.swift in Sources */ = {isa = PBXBuildFile; fileRef = 013F9560268F6FC500B6CE05 /* Download.swift */; };
		013F9569268F70C200B6CE05 /* TrackCell.swift in Sources */ = {isa = PBXBuildFile; fileRef = 013F9567268F70C200B6CE05 /* TrackCell.swift */; };
		013F956A268F70C200B6CE05 /* TrackCell.xib in Resources */ = {isa = PBXBuildFile; fileRef = 013F9568268F70C200B6CE05 /* TrackCell.xib */; };
/* End PBXBuildFile section */

/* Begin PBXContainerItemProxy section */
		013F9512268F5B0800B6CE05 /* PBXContainerItemProxy */ = {
			isa = PBXContainerItemProxy;
			containerPortal = 013F94F3268F5B0200B6CE05 /* Project object */;
			proxyType = 1;
			remoteGlobalIDString = 013F94FA268F5B0200B6CE05;
			remoteInfo = "Music Player";
		};
		013F951D268F5B0800B6CE05 /* PBXContainerItemProxy */ = {
			isa = PBXContainerItemProxy;
			containerPortal = 013F94F3268F5B0200B6CE05 /* Project object */;
			proxyType = 1;
			remoteGlobalIDString = 013F94FA268F5B0200B6CE05;
			remoteInfo = "Music Player";
		};
/* End PBXContainerItemProxy section */

/* Begin PBXFileReference section */
		013F94FB268F5B0200B6CE05 /* Music Player.app */ = {isa = PBXFileReference; explicitFileType = wrapper.application; includeInIndex = 0; path = "Music Player.app"; sourceTree = BUILT_PRODUCTS_DIR; };
		013F94FE268F5B0200B6CE05 /* AppDelegate.swift */ = {isa = PBXFileReference; lastKnownFileType = sourcecode.swift; path = AppDelegate.swift; sourceTree = "<group>"; };
		013F9500268F5B0200B6CE05 /* SceneDelegate.swift */ = {isa = PBXFileReference; lastKnownFileType = sourcecode.swift; path = SceneDelegate.swift; sourceTree = "<group>"; };
		013F9502268F5B0200B6CE05 /* SearchViewController.swift */ = {isa = PBXFileReference; lastKnownFileType = sourcecode.swift; path = SearchViewController.swift; sourceTree = "<group>"; };
		013F9505268F5B0200B6CE05 /* Base */ = {isa = PBXFileReference; lastKnownFileType = file.storyboard; name = Base; path = Base.lproj/Main.storyboard; sourceTree = "<group>"; };
		013F9507268F5B0700B6CE05 /* Assets.xcassets */ = {isa = PBXFileReference; lastKnownFileType = folder.assetcatalog; path = Assets.xcassets; sourceTree = "<group>"; };
		013F950A268F5B0700B6CE05 /* Base */ = {isa = PBXFileReference; lastKnownFileType = file.storyboard; name = Base; path = Base.lproj/LaunchScreen.storyboard; sourceTree = "<group>"; };
		013F950C268F5B0700B6CE05 /* Info.plist */ = {isa = PBXFileReference; lastKnownFileType = text.plist.xml; path = Info.plist; sourceTree = "<group>"; };
		013F9511268F5B0800B6CE05 /* Music PlayerTests.xctest */ = {isa = PBXFileReference; explicitFileType = wrapper.cfbundle; includeInIndex = 0; path = "Music PlayerTests.xctest"; sourceTree = BUILT_PRODUCTS_DIR; };
		013F9515268F5B0800B6CE05 /* Music_PlayerTests.swift */ = {isa = PBXFileReference; lastKnownFileType = sourcecode.swift; path = Music_PlayerTests.swift; sourceTree = "<group>"; };
		013F9517268F5B0800B6CE05 /* Info.plist */ = {isa = PBXFileReference; lastKnownFileType = text.plist.xml; path = Info.plist; sourceTree = "<group>"; };
		013F951C268F5B0800B6CE05 /* Music PlayerUITests.xctest */ = {isa = PBXFileReference; explicitFileType = wrapper.cfbundle; includeInIndex = 0; path = "Music PlayerUITests.xctest"; sourceTree = BUILT_PRODUCTS_DIR; };
		013F9520268F5B0800B6CE05 /* Music_PlayerUITests.swift */ = {isa = PBXFileReference; lastKnownFileType = sourcecode.swift; path = Music_PlayerUITests.swift; sourceTree = "<group>"; };
		013F9522268F5B0800B6CE05 /* Info.plist */ = {isa = PBXFileReference; lastKnownFileType = text.plist.xml; path = Info.plist; sourceTree = "<group>"; };
		013F9547268F5D4600B6CE05 /* QueryService.swift */ = {isa = PBXFileReference; lastKnownFileType = sourcecode.swift; path = QueryService.swift; sourceTree = "<group>"; };
		013F954F268F5D5C00B6CE05 /* DownloadService.swift */ = {isa = PBXFileReference; lastKnownFileType = sourcecode.swift; path = DownloadService.swift; sourceTree = "<group>"; };
		013F9558268F6FB800B6CE05 /* Track.swift */ = {isa = PBXFileReference; lastKnownFileType = sourcecode.swift; path = Track.swift; sourceTree = "<group>"; };
		013F9560268F6FC500B6CE05 /* Download.swift */ = {isa = PBXFileReference; lastKnownFileType = sourcecode.swift; path = Download.swift; sourceTree = "<group>"; };
		013F9567268F70C200B6CE05 /* TrackCell.swift */ = {isa = PBXFileReference; lastKnownFileType = sourcecode.swift; path = TrackCell.swift; sourceTree = "<group>"; };
		013F9568268F70C200B6CE05 /* TrackCell.xib */ = {isa = PBXFileReference; lastKnownFileType = file.xib; path = TrackCell.xib; sourceTree = "<group>"; };
/* End PBXFileReference section */

/* Begin PBXFrameworksBuildPhase section */
		013F94F8268F5B0200B6CE05 /* Frameworks */ = {
			isa = PBXFrameworksBuildPhase;
			buildActionMask = 2147483647;
			files = (
			);
			runOnlyForDeploymentPostprocessing = 0;
		};
		013F950E268F5B0800B6CE05 /* Frameworks */ = {
			isa = PBXFrameworksBuildPhase;
			buildActionMask = 2147483647;
			files = (
			);
			runOnlyForDeploymentPostprocessing = 0;
		};
		013F9519268F5B0800B6CE05 /* Frameworks */ = {
			isa = PBXFrameworksBuildPhase;
			buildActionMask = 2147483647;
			files = (
			);
			runOnlyForDeploymentPostprocessing = 0;
		};
/* End PBXFrameworksBuildPhase section */

/* Begin PBXGroup section */
		013F94F2268F5B0200B6CE05 = {
			isa = PBXGroup;
			children = (
				013F94FD268F5B0200B6CE05 /* Music Player */,
				013F9514268F5B0800B6CE05 /* Music PlayerTests */,
				013F951F268F5B0800B6CE05 /* Music PlayerUITests */,
				013F94FC268F5B0200B6CE05 /* Products */,
			);
			sourceTree = "<group>";
		};
		013F94FC268F5B0200B6CE05 /* Products */ = {
			isa = PBXGroup;
			children = (
				013F94FB268F5B0200B6CE05 /* Music Player.app */,
				013F9511268F5B0800B6CE05 /* Music PlayerTests.xctest */,
				013F951C268F5B0800B6CE05 /* Music PlayerUITests.xctest */,
			);
			name = Products;
			sourceTree = "<group>";
		};
		013F94FD268F5B0200B6CE05 /* Music Player */ = {
			isa = PBXGroup;
			children = (
				013F94FE268F5B0200B6CE05 /* AppDelegate.swift */,
				013F9500268F5B0200B6CE05 /* SceneDelegate.swift */,
				013F950C268F5B0700B6CE05 /* Info.plist */,
				013F9566268F709C00B6CE05 /* Track Cell */,
				013F9557268F6FA800B6CE05 /* Model */,
				013F9540268F5D0F00B6CE05 /* Networking */,
				013F953C268F5D0400B6CE05 /* Views */,
				013F9565268F702C00B6CE05 /* Resources */,
			);
			path = "Music Player";
			sourceTree = "<group>";
		};
		013F9514268F5B0800B6CE05 /* Music PlayerTests */ = {
			isa = PBXGroup;
			children = (
				013F9515268F5B0800B6CE05 /* Music_PlayerTests.swift */,
				013F9517268F5B0800B6CE05 /* Info.plist */,
			);
			path = "Music PlayerTests";
			sourceTree = "<group>";
		};
		013F951F268F5B0800B6CE05 /* Music PlayerUITests */ = {
			isa = PBXGroup;
			children = (
				013F9520268F5B0800B6CE05 /* Music_PlayerUITests.swift */,
				013F9522268F5B0800B6CE05 /* Info.plist */,
			);
			path = "Music PlayerUITests";
			sourceTree = "<group>";
		};
		013F953C268F5D0400B6CE05 /* Views */ = {
			isa = PBXGroup;
			children = (
				013F9502268F5B0200B6CE05 /* SearchViewController.swift */,
			);
			path = Views;
			sourceTree = "<group>";
		};
		013F9540268F5D0F00B6CE05 /* Networking */ = {
			isa = PBXGroup;
			children = (
				013F9547268F5D4600B6CE05 /* QueryService.swift */,
				013F954F268F5D5C00B6CE05 /* DownloadService.swift */,
			);
			path = Networking;
			sourceTree = "<group>";
		};
		013F9557268F6FA800B6CE05 /* Model */ = {
			isa = PBXGroup;
			children = (
				013F9558268F6FB800B6CE05 /* Track.swift */,
				013F9560268F6FC500B6CE05 /* Download.swift */,
			);
			path = Model;
			sourceTree = "<group>";
		};
		013F9565268F702C00B6CE05 /* Resources */ = {
			isa = PBXGroup;
			children = (
				013F9504268F5B0200B6CE05 /* Main.storyboard */,
				013F9507268F5B0700B6CE05 /* Assets.xcassets */,
				013F9509268F5B0700B6CE05 /* LaunchScreen.storyboard */,
			);
			path = Resources;
			sourceTree = "<group>";
		};
		013F9566268F709C00B6CE05 /* Track Cell */ = {
			isa = PBXGroup;
			children = (
				013F9567268F70C200B6CE05 /* TrackCell.swift */,
				013F9568268F70C200B6CE05 /* TrackCell.xib */,
			);
			path = "Track Cell";
			sourceTree = "<group>";
		};
/* End PBXGroup section */

/* Begin PBXNativeTarget section */
		013F94FA268F5B0200B6CE05 /* Music Player */ = {
			isa = PBXNativeTarget;
			buildConfigurationList = 013F9525268F5B0800B6CE05 /* Build configuration list for PBXNativeTarget "Music Player" */;
			buildPhases = (
				013F94F7268F5B0200B6CE05 /* Sources */,
				013F94F8268F5B0200B6CE05 /* Frameworks */,
				013F94F9268F5B0200B6CE05 /* Resources */,
			);
			buildRules = (
			);
			dependencies = (
			);
			name = "Music Player";
			productName = "Music Player";
			productReference = 013F94FB268F5B0200B6CE05 /* Music Player.app */;
			productType = "com.apple.product-type.application";
		};
		013F9510268F5B0800B6CE05 /* Music PlayerTests */ = {
			isa = PBXNativeTarget;
			buildConfigurationList = 013F9528268F5B0800B6CE05 /* Build configuration list for PBXNativeTarget "Music PlayerTests" */;
			buildPhases = (
				013F950D268F5B0800B6CE05 /* Sources */,
				013F950E268F5B0800B6CE05 /* Frameworks */,
				013F950F268F5B0800B6CE05 /* Resources */,
			);
			buildRules = (
			);
			dependencies = (
				013F9513268F5B0800B6CE05 /* PBXTargetDependency */,
			);
			name = "Music PlayerTests";
			productName = "Music PlayerTests";
			productReference = 013F9511268F5B0800B6CE05 /* Music PlayerTests.xctest */;
			productType = "com.apple.product-type.bundle.unit-test";
		};
		013F951B268F5B0800B6CE05 /* Music PlayerUITests */ = {
			isa = PBXNativeTarget;
			buildConfigurationList = 013F952B268F5B0800B6CE05 /* Build configuration list for PBXNativeTarget "Music PlayerUITests" */;
			buildPhases = (
				013F9518268F5B0800B6CE05 /* Sources */,
				013F9519268F5B0800B6CE05 /* Frameworks */,
				013F951A268F5B0800B6CE05 /* Resources */,
			);
			buildRules = (
			);
			dependencies = (
				013F951E268F5B0800B6CE05 /* PBXTargetDependency */,
			);
			name = "Music PlayerUITests";
			productName = "Music PlayerUITests";
			productReference = 013F951C268F5B0800B6CE05 /* Music PlayerUITests.xctest */;
			productType = "com.apple.product-type.bundle.ui-testing";
		};
/* End PBXNativeTarget section */

/* Begin PBXProject section */
		013F94F3268F5B0200B6CE05 /* Project object */ = {
			isa = PBXProject;
			attributes = {
				LastSwiftUpdateCheck = 1230;
				LastUpgradeCheck = 1230;
				TargetAttributes = {
					013F94FA268F5B0200B6CE05 = {
						CreatedOnToolsVersion = 12.3;
					};
					013F9510268F5B0800B6CE05 = {
						CreatedOnToolsVersion = 12.3;
						TestTargetID = 013F94FA268F5B0200B6CE05;
					};
					013F951B268F5B0800B6CE05 = {
						CreatedOnToolsVersion = 12.3;
						TestTargetID = 013F94FA268F5B0200B6CE05;
					};
				};
			};
			buildConfigurationList = 013F94F6268F5B0200B6CE05 /* Build configuration list for PBXProject "Music Player" */;
			compatibilityVersion = "Xcode 9.3";
			developmentRegion = en;
			hasScannedForEncodings = 0;
			knownRegions = (
				en,
				Base,
			);
			mainGroup = 013F94F2268F5B0200B6CE05;
			productRefGroup = 013F94FC268F5B0200B6CE05 /* Products */;
			projectDirPath = "";
			projectRoot = "";
			targets = (
				013F94FA268F5B0200B6CE05 /* Music Player */,
				013F9510268F5B0800B6CE05 /* Music PlayerTests */,
				013F951B268F5B0800B6CE05 /* Music PlayerUITests */,
			);
		};
/* End PBXProject section */

/* Begin PBXResourcesBuildPhase section */
		013F94F9268F5B0200B6CE05 /* Resources */ = {
			isa = PBXResourcesBuildPhase;
			buildActionMask = 2147483647;
			files = (
				013F950B268F5B0700B6CE05 /* LaunchScreen.storyboard in Resources */,
				013F9508268F5B0700B6CE05 /* Assets.xcassets in Resources */,
				013F9506268F5B0200B6CE05 /* Main.storyboard in Resources */,
				013F956A268F70C200B6CE05 /* TrackCell.xib in Resources */,
			);
			runOnlyForDeploymentPostprocessing = 0;
		};
		013F950F268F5B0800B6CE05 /* Resources */ = {
			isa = PBXResourcesBuildPhase;
			buildActionMask = 2147483647;
			files = (
			);
			runOnlyForDeploymentPostprocessing = 0;
		};
		013F951A268F5B0800B6CE05 /* Resources */ = {
			isa = PBXResourcesBuildPhase;
			buildActionMask = 2147483647;
			files = (
			);
			runOnlyForDeploymentPostprocessing = 0;
		};
/* End PBXResourcesBuildPhase section */

/* Begin PBXSourcesBuildPhase section */
		013F94F7268F5B0200B6CE05 /* Sources */ = {
			isa = PBXSourcesBuildPhase;
			buildActionMask = 2147483647;
			files = (
				013F9550268F5D5C00B6CE05 /* DownloadService.swift in Sources */,
				013F9503268F5B0200B6CE05 /* SearchViewController.swift in Sources */,
				013F94FF268F5B0200B6CE05 /* AppDelegate.swift in Sources */,
				013F9548268F5D4600B6CE05 /* QueryService.swift in Sources */,
				013F9501268F5B0200B6CE05 /* SceneDelegate.swift in Sources */,
				013F9561268F6FC500B6CE05 /* Download.swift in Sources */,
				013F9559268F6FB800B6CE05 /* Track.swift in Sources */,
				013F9569268F70C200B6CE05 /* TrackCell.swift in Sources */,
			);
			runOnlyForDeploymentPostprocessing = 0;
		};
		013F950D268F5B0800B6CE05 /* Sources */ = {
			isa = PBXSourcesBuildPhase;
			buildActionMask = 2147483647;
			files = (
				013F9516268F5B0800B6CE05 /* Music_PlayerTests.swift in Sources */,
			);
			runOnlyForDeploymentPostprocessing = 0;
		};
		013F9518268F5B0800B6CE05 /* Sources */ = {
			isa = PBXSourcesBuildPhase;
			buildActionMask = 2147483647;
			files = (
				013F9521268F5B0800B6CE05 /* Music_PlayerUITests.swift in Sources */,
			);
			runOnlyForDeploymentPostprocessing = 0;
		};
/* End PBXSourcesBuildPhase section */

/* Begin PBXTargetDependency section */
		013F9513268F5B0800B6CE05 /* PBXTargetDependency */ = {
			isa = PBXTargetDependency;
			target = 013F94FA268F5B0200B6CE05 /* Music Player */;
			targetProxy = 013F9512268F5B0800B6CE05 /* PBXContainerItemProxy */;
		};
		013F951E268F5B0800B6CE05 /* PBXTargetDependency */ = {
			isa = PBXTargetDependency;
			target = 013F94FA268F5B0200B6CE05 /* Music Player */;
			targetProxy = 013F951D268F5B0800B6CE05 /* PBXContainerItemProxy */;
		};
/* End PBXTargetDependency section */

/* Begin PBXVariantGroup section */
		013F9504268F5B0200B6CE05 /* Main.storyboard */ = {
			isa = PBXVariantGroup;
			children = (
				013F9505268F5B0200B6CE05 /* Base */,
			);
			name = Main.storyboard;
			sourceTree = "<group>";
		};
		013F9509268F5B0700B6CE05 /* LaunchScreen.storyboard */ = {
			isa = PBXVariantGroup;
			children = (
				013F950A268F5B0700B6CE05 /* Base */,
			);
			name = LaunchScreen.storyboard;
			sourceTree = "<group>";
		};
/* End PBXVariantGroup section */

/* Begin XCBuildConfiguration section */
		013F9523268F5B0800B6CE05 /* Debug */ = {
			isa = XCBuildConfiguration;
			buildSettings = {
				ALWAYS_SEARCH_USER_PATHS = NO;
				CLANG_ANALYZER_NONNULL = YES;
				CLANG_ANALYZER_NUMBER_OBJECT_CONVERSION = YES_AGGRESSIVE;
				CLANG_CXX_LANGUAGE_STANDARD = "gnu++14";
				CLANG_CXX_LIBRARY = "libc++";
				CLANG_ENABLE_MODULES = YES;
				CLANG_ENABLE_OBJC_ARC = YES;
				CLANG_ENABLE_OBJC_WEAK = YES;
				CLANG_WARN_BLOCK_CAPTURE_AUTORELEASING = YES;
				CLANG_WARN_BOOL_CONVERSION = YES;
				CLANG_WARN_COMMA = YES;
				CLANG_WARN_CONSTANT_CONVERSION = YES;
				CLANG_WARN_DEPRECATED_OBJC_IMPLEMENTATIONS = YES;
				CLANG_WARN_DIRECT_OBJC_ISA_USAGE = YES_ERROR;
				CLANG_WARN_DOCUMENTATION_COMMENTS = YES;
				CLANG_WARN_EMPTY_BODY = YES;
				CLANG_WARN_ENUM_CONVERSION = YES;
				CLANG_WARN_INFINITE_RECURSION = YES;
				CLANG_WARN_INT_CONVERSION = YES;
				CLANG_WARN_NON_LITERAL_NULL_CONVERSION = YES;
				CLANG_WARN_OBJC_IMPLICIT_RETAIN_SELF = YES;
				CLANG_WARN_OBJC_LITERAL_CONVERSION = YES;
				CLANG_WARN_OBJC_ROOT_CLASS = YES_ERROR;
				CLANG_WARN_QUOTED_INCLUDE_IN_FRAMEWORK_HEADER = YES;
				CLANG_WARN_RANGE_LOOP_ANALYSIS = YES;
				CLANG_WARN_STRICT_PROTOTYPES = YES;
				CLANG_WARN_SUSPICIOUS_MOVE = YES;
				CLANG_WARN_UNGUARDED_AVAILABILITY = YES_AGGRESSIVE;
				CLANG_WARN_UNREACHABLE_CODE = YES;
				CLANG_WARN__DUPLICATE_METHOD_MATCH = YES;
				COPY_PHASE_STRIP = NO;
				DEBUG_INFORMATION_FORMAT = dwarf;
				ENABLE_STRICT_OBJC_MSGSEND = YES;
				ENABLE_TESTABILITY = YES;
				GCC_C_LANGUAGE_STANDARD = gnu11;
				GCC_DYNAMIC_NO_PIC = NO;
				GCC_NO_COMMON_BLOCKS = YES;
				GCC_OPTIMIZATION_LEVEL = 0;
				GCC_PREPROCESSOR_DEFINITIONS = (
					"DEBUG=1",
					"$(inherited)",
				);
				GCC_WARN_64_TO_32_BIT_CONVERSION = YES;
				GCC_WARN_ABOUT_RETURN_TYPE = YES_ERROR;
				GCC_WARN_UNDECLARED_SELECTOR = YES;
				GCC_WARN_UNINITIALIZED_AUTOS = YES_AGGRESSIVE;
				GCC_WARN_UNUSED_FUNCTION = YES;
				GCC_WARN_UNUSED_VARIABLE = YES;
				IPHONEOS_DEPLOYMENT_TARGET = 14.3;
				MTL_ENABLE_DEBUG_INFO = INCLUDE_SOURCE;
				MTL_FAST_MATH = YES;
				ONLY_ACTIVE_ARCH = YES;
				SDKROOT = iphoneos;
				SWIFT_ACTIVE_COMPILATION_CONDITIONS = DEBUG;
				SWIFT_OPTIMIZATION_LEVEL = "-Onone";
			};
			name = Debug;
		};
		013F9524268F5B0800B6CE05 /* Release */ = {
			isa = XCBuildConfiguration;
			buildSettings = {
				ALWAYS_SEARCH_USER_PATHS = NO;
				CLANG_ANALYZER_NONNULL = YES;
				CLANG_ANALYZER_NUMBER_OBJECT_CONVERSION = YES_AGGRESSIVE;
				CLANG_CXX_LANGUAGE_STANDARD = "gnu++14";
				CLANG_CXX_LIBRARY = "libc++";
				CLANG_ENABLE_MODULES = YES;
				CLANG_ENABLE_OBJC_ARC = YES;
				CLANG_ENABLE_OBJC_WEAK = YES;
				CLANG_WARN_BLOCK_CAPTURE_AUTORELEASING = YES;
				CLANG_WARN_BOOL_CONVERSION = YES;
				CLANG_WARN_COMMA = YES;
				CLANG_WARN_CONSTANT_CONVERSION = YES;
				CLANG_WARN_DEPRECATED_OBJC_IMPLEMENTATIONS = YES;
				CLANG_WARN_DIRECT_OBJC_ISA_USAGE = YES_ERROR;
				CLANG_WARN_DOCUMENTATION_COMMENTS = YES;
				CLANG_WARN_EMPTY_BODY = YES;
				CLANG_WARN_ENUM_CONVERSION = YES;
				CLANG_WARN_INFINITE_RECURSION = YES;
				CLANG_WARN_INT_CONVERSION = YES;
				CLANG_WARN_NON_LITERAL_NULL_CONVERSION = YES;
				CLANG_WARN_OBJC_IMPLICIT_RETAIN_SELF = YES;
				CLANG_WARN_OBJC_LITERAL_CONVERSION = YES;
				CLANG_WARN_OBJC_ROOT_CLASS = YES_ERROR;
				CLANG_WARN_QUOTED_INCLUDE_IN_FRAMEWORK_HEADER = YES;
				CLANG_WARN_RANGE_LOOP_ANALYSIS = YES;
				CLANG_WARN_STRICT_PROTOTYPES = YES;
				CLANG_WARN_SUSPICIOUS_MOVE = YES;
				CLANG_WARN_UNGUARDED_AVAILABILITY = YES_AGGRESSIVE;
				CLANG_WARN_UNREACHABLE_CODE = YES;
				CLANG_WARN__DUPLICATE_METHOD_MATCH = YES;
				COPY_PHASE_STRIP = NO;
				DEBUG_INFORMATION_FORMAT = "dwarf-with-dsym";
				ENABLE_NS_ASSERTIONS = NO;
				ENABLE_STRICT_OBJC_MSGSEND = YES;
				GCC_C_LANGUAGE_STANDARD = gnu11;
				GCC_NO_COMMON_BLOCKS = YES;
				GCC_WARN_64_TO_32_BIT_CONVERSION = YES;
				GCC_WARN_ABOUT_RETURN_TYPE = YES_ERROR;
				GCC_WARN_UNDECLARED_SELECTOR = YES;
				GCC_WARN_UNINITIALIZED_AUTOS = YES_AGGRESSIVE;
				GCC_WARN_UNUSED_FUNCTION = YES;
				GCC_WARN_UNUSED_VARIABLE = YES;
				IPHONEOS_DEPLOYMENT_TARGET = 14.3;
				MTL_ENABLE_DEBUG_INFO = NO;
				MTL_FAST_MATH = YES;
				SDKROOT = iphoneos;
				SWIFT_COMPILATION_MODE = wholemodule;
				SWIFT_OPTIMIZATION_LEVEL = "-O";
				VALIDATE_PRODUCT = YES;
			};
			name = Release;
		};
		013F9526268F5B0800B6CE05 /* Debug */ = {
			isa = XCBuildConfiguration;
			buildSettings = {
				ASSETCATALOG_COMPILER_APPICON_NAME = AppIcon;
				ASSETCATALOG_COMPILER_GLOBAL_ACCENT_COLOR_NAME = AccentColor;
				CODE_SIGN_STYLE = Automatic;
				INFOPLIST_FILE = "Music Player/Info.plist";
				LD_RUNPATH_SEARCH_PATHS = (
					"$(inherited)",
					"@executable_path/Frameworks",
				);
				PRODUCT_BUNDLE_IDENTIFIER = "com.dhanajitkapali.Music-Player";
				PRODUCT_NAME = "$(TARGET_NAME)";
				SWIFT_VERSION = 5.0;
				TARGETED_DEVICE_FAMILY = "1,2";
			};
			name = Debug;
		};
		013F9527268F5B0800B6CE05 /* Release */ = {
			isa = XCBuildConfiguration;
			buildSettings = {
				ASSETCATALOG_COMPILER_APPICON_NAME = AppIcon;
				ASSETCATALOG_COMPILER_GLOBAL_ACCENT_COLOR_NAME = AccentColor;
				CODE_SIGN_STYLE = Automatic;
				INFOPLIST_FILE = "Music Player/Info.plist";
				LD_RUNPATH_SEARCH_PATHS = (
					"$(inherited)",
					"@executable_path/Frameworks",
				);
				PRODUCT_BUNDLE_IDENTIFIER = "com.dhanajitkapali.Music-Player";
				PRODUCT_NAME = "$(TARGET_NAME)";
				SWIFT_VERSION = 5.0;
				TARGETED_DEVICE_FAMILY = "1,2";
			};
			name = Release;
		};
		013F9529268F5B0800B6CE05 /* Debug */ = {
			isa = XCBuildConfiguration;
			buildSettings = {
				ALWAYS_EMBED_SWIFT_STANDARD_LIBRARIES = YES;
				BUNDLE_LOADER = "$(TEST_HOST)";
				CODE_SIGN_STYLE = Automatic;
				INFOPLIST_FILE = "Music PlayerTests/Info.plist";
				IPHONEOS_DEPLOYMENT_TARGET = 14.3;
				LD_RUNPATH_SEARCH_PATHS = (
					"$(inherited)",
					"@executable_path/Frameworks",
					"@loader_path/Frameworks",
				);
				PRODUCT_BUNDLE_IDENTIFIER = "com.dhanajitkapali.Music-PlayerTests";
				PRODUCT_NAME = "$(TARGET_NAME)";
				SWIFT_VERSION = 5.0;
				TARGETED_DEVICE_FAMILY = "1,2";
				TEST_HOST = "$(BUILT_PRODUCTS_DIR)/Music Player.app/Music Player";
			};
			name = Debug;
		};
		013F952A268F5B0800B6CE05 /* Release */ = {
			isa = XCBuildConfiguration;
			buildSettings = {
				ALWAYS_EMBED_SWIFT_STANDARD_LIBRARIES = YES;
				BUNDLE_LOADER = "$(TEST_HOST)";
				CODE_SIGN_STYLE = Automatic;
				INFOPLIST_FILE = "Music PlayerTests/Info.plist";
				IPHONEOS_DEPLOYMENT_TARGET = 14.3;
				LD_RUNPATH_SEARCH_PATHS = (
					"$(inherited)",
					"@executable_path/Frameworks",
					"@loader_path/Frameworks",
				);
				PRODUCT_BUNDLE_IDENTIFIER = "com.dhanajitkapali.Music-PlayerTests";
				PRODUCT_NAME = "$(TARGET_NAME)";
				SWIFT_VERSION = 5.0;
				TARGETED_DEVICE_FAMILY = "1,2";
				TEST_HOST = "$(BUILT_PRODUCTS_DIR)/Music Player.app/Music Player";
			};
			name = Release;
		};
		013F952C268F5B0800B6CE05 /* Debug */ = {
			isa = XCBuildConfiguration;
			buildSettings = {
				ALWAYS_EMBED_SWIFT_STANDARD_LIBRARIES = YES;
				CODE_SIGN_STYLE = Automatic;
				INFOPLIST_FILE = "Music PlayerUITests/Info.plist";
				LD_RUNPATH_SEARCH_PATHS = (
					"$(inherited)",
					"@executable_path/Frameworks",
					"@loader_path/Frameworks",
				);
				PRODUCT_BUNDLE_IDENTIFIER = "com.dhanajitkapali.Music-PlayerUITests";
				PRODUCT_NAME = "$(TARGET_NAME)";
				SWIFT_VERSION = 5.0;
				TARGETED_DEVICE_FAMILY = "1,2";
				TEST_TARGET_NAME = "Music Player";
			};
			name = Debug;
		};
		013F952D268F5B0800B6CE05 /* Release */ = {
			isa = XCBuildConfiguration;
			buildSettings = {
				ALWAYS_EMBED_SWIFT_STANDARD_LIBRARIES = YES;
				CODE_SIGN_STYLE = Automatic;
				INFOPLIST_FILE = "Music PlayerUITests/Info.plist";
				LD_RUNPATH_SEARCH_PATHS = (
					"$(inherited)",
					"@executable_path/Frameworks",
					"@loader_path/Frameworks",
				);
				PRODUCT_BUNDLE_IDENTIFIER = "com.dhanajitkapali.Music-PlayerUITests";
				PRODUCT_NAME = "$(TARGET_NAME)";
				SWIFT_VERSION = 5.0;
				TARGETED_DEVICE_FAMILY = "1,2";
				TEST_TARGET_NAME = "Music Player";
			};
			name = Release;
		};
/* End XCBuildConfiguration section */

/* Begin XCConfigurationList section */
		013F94F6268F5B0200B6CE05 /* Build configuration list for PBXProject "Music Player" */ = {
			isa = XCConfigurationList;
			buildConfigurations = (
				013F9523268F5B0800B6CE05 /* Debug */,
				013F9524268F5B0800B6CE05 /* Release */,
			);
			defaultConfigurationIsVisible = 0;
			defaultConfigurationName = Release;
		};
		013F9525268F5B0800B6CE05 /* Build configuration list for PBXNativeTarget "Music Player" */ = {
			isa = XCConfigurationList;
			buildConfigurations = (
				013F9526268F5B0800B6CE05 /* Debug */,
				013F9527268F5B0800B6CE05 /* Release */,
			);
			defaultConfigurationIsVisible = 0;
			defaultConfigurationName = Release;
		};
		013F9528268F5B0800B6CE05 /* Build configuration list for PBXNativeTarget "Music PlayerTests" */ = {
			isa = XCConfigurationList;
			buildConfigurations = (
				013F9529268F5B0800B6CE05 /* Debug */,
				013F952A268F5B0800B6CE05 /* Release */,
			);
			defaultConfigurationIsVisible = 0;
			defaultConfigurationName = Release;
		};
		013F952B268F5B0800B6CE05 /* Build configuration list for PBXNativeTarget "Music PlayerUITests" */ = {
			isa = XCConfigurationList;
			buildConfigurations = (
				013F952C268F5B0800B6CE05 /* Debug */,
				013F952D268F5B0800B6CE05 /* Release */,
			);
			defaultConfigurationIsVisible = 0;
			defaultConfigurationName = Release;
		};
/* End XCConfigurationList section */
	};
	rootObject = 013F94F3268F5B0200B6CE05 /* Project object */;
}
